{
  "version": 4,
  "terraform_version": "1.8.1",
  "serial": 1,
  "lineage": "a3b535ab-99bc-fd09-455c-08cb6ba1fb36",
  "outputs": {},
  "resources": [
    {
      "mode": "managed",
      "type": "aws_iam_user",
      "name": "bootcamp",
      "provider": "provider[\"registry.terraform.io/hashicorp/aws\"]",
      "instances": [
        {
          "schema_version": 0,
          "attributes": {
            "arn": "arn:aws:iam::366140438193:user/bootcamp",
            "force_destroy": null,
            "id": "bootcamp",
            "name": "bootcamp",
            "path": "/",
            "permissions_boundary": "",
            "tags": {
              "AKIAVKP5LW2Y2HG45PZR": "day2",
              "AKIAVKP5LW2Y4DUFQORC": "day1",
              "AKIAVKP5LW2Y4OHWPKXL": "bootcamp day3",
              "AKIAVKP5LW2Y5B5PWXTL": "day5 bootcamp call- delete soon",
              "AKIAVKP5LW2YRF52XV5I": "devops zero hero repo and local",
              "AKIAVKP5LW2YYRCVAXQE": "gh run and delete"
            },
            "tags_all": {
              "AKIAVKP5LW2Y2HG45PZR": "day2",
              "AKIAVKP5LW2Y4DUFQORC": "day1",
              "AKIAVKP5LW2Y4OHWPKXL": "bootcamp day3",
              "AKIAVKP5LW2Y5B5PWXTL": "day5 bootcamp call- delete soon",
              "AKIAVKP5LW2YRF52XV5I": "devops zero hero repo and local",
              "AKIAVKP5LW2YYRCVAXQE": "gh run and delete"
            },
            "unique_id": "AIDAVKP5LW2YRGMXUX5YR"
          },
          "sensitive_attributes": [],
          "private": "eyJzY2hlbWFfdmVyc2lvbiI6IjAifQ=="
        }
      ]
    },
    {
      "mode": "managed",
      "type": "aws_s3_bucket",
      "name": "manual_bucket",
      "provider": "provider[\"registry.terraform.io/hashicorp/aws\"]",
      "instances": [
        {
          "schema_version": 0,
          "attributes": {
            "acceleration_status": "",
            "acl": null,
            "arn": "arn:aws:s3:::myaccount-manually-created-bucket",
            "bucket": "myaccount-manually-created-bucket",
            "bucket_domain_name": "myaccount-manually-created-bucket.s3.amazonaws.com",
            "bucket_prefix": "",
            "bucket_regional_domain_name": "myaccount-manually-created-bucket.s3.ap-south-1.amazonaws.com",
            "cors_rule": [],
            "force_destroy": null,
            "grant": [
              {
                "id": "938f1563f9c8d6f6b862e1484b9350d8f17ba5d3aff8661162bbcdff883b15e1",
                "permissions": [
                  "FULL_CONTROL"
                ],
                "type": "CanonicalUser",
                "uri": ""
              }
            ],
            "hosted_zone_id": "Z11RGJOFQNVJUP",
            "id": "myaccount-manually-created-bucket",
            "lifecycle_rule": [],
            "logging": [
              {
                "target_bucket": "366140438193-bastion-bucket",
                "target_prefix": ""
              }
            ],
            "object_lock_configuration": [],
            "object_lock_enabled": false,
            "policy": "",
            "region": "ap-south-1",
            "replication_configuration": [],
            "request_payer": "BucketOwner",
            "server_side_encryption_configuration": [
              {
                "rule": [
                  {
                    "apply_server_side_encryption_by_default": [
                      {
                        "kms_master_key_id": "",
                        "sse_algorithm": "AES256"
                      }
                    ],
                    "bucket_key_enabled": true
                  }
                ]
              }
            ],
            "tags": {},
            "tags_all": {},
            "timeouts": null,
            "versioning": [
              {
                "enabled": false,
                "mfa_delete": false
              }
            ],
            "website": [],
            "website_domain": null,
            "website_endpoint": null
          },
          "sensitive_attributes": [],
          "private": "eyJlMmJmYjczMC1lY2FhLTExZTYtOGY4OC0zNDM2M2JjN2M0YzAiOnsiY3JlYXRlIjoxMjAwMDAwMDAwMDAwLCJkZWxldGUiOjM2MDAwMDAwMDAwMDAsInJlYWQiOjEyMDAwMDAwMDAwMDAsInVwZGF0ZSI6MTIwMDAwMDAwMDAwMH0sInNjaGVtYV92ZXJzaW9uIjoiMCJ9"
        }
      ]
    },
    {
      "mode": "managed",
      "type": "aws_sqs_queue",
      "name": "public_queue",
      "provider": "provider[\"registry.terraform.io/hashicorp/aws\"]",
      "instances": [
        {
          "schema_version": 0,
          "attributes": {
            "arn": "arn:aws:sqs:ap-south-1:366140438193:queuewithoutencryption",
            "content_based_deduplication": false,
            "deduplication_scope": "",
            "delay_seconds": 0,
            "fifo_queue": false,
            "fifo_throughput_limit": "",
            "id": "https://sqs.ap-south-1.amazonaws.com/366140438193/queuewithoutencryption",
            "kms_data_key_reuse_period_seconds": 300,
            "kms_master_key_id": "",
            "max_message_size": 262144,
            "message_retention_seconds": 345600,
            "name": "queuewithoutencryption",
            "name_prefix": "",
            "policy": "{\"Id\":\"__default_policy_ID\",\"Statement\":[{\"Action\":\"SQS:*\",\"Effect\":\"Allow\",\"Principal\":{\"AWS\":\"arn:aws:iam::366140438193:root\"},\"Resource\":\"arn:aws:sqs:ap-south-1:366140438193:queuewithoutencryption\",\"Sid\":\"__owner_statement\"}],\"Version\":\"2012-10-17\"}",
            "receive_wait_time_seconds": 0,
            "redrive_allow_policy": "",
            "redrive_policy": "",
            "sqs_managed_sse_enabled": false,
            "tags": {},
            "tags_all": {},
            "timeouts": null,
            "url": "https://sqs.ap-south-1.amazonaws.com/366140438193/queuewithoutencryption",
            "visibility_timeout_seconds": 30
          },
          "sensitive_attributes": [],
          "private": "eyJlMmJmYjczMC1lY2FhLTExZTYtOGY4OC0zNDM2M2JjN2M0YzAiOnsiY3JlYXRlIjoxODAwMDAwMDAwMDAsImRlbGV0ZSI6MTgwMDAwMDAwMDAwLCJ1cGRhdGUiOjE4MDAwMDAwMDAwMH0sInNjaGVtYV92ZXJzaW9uIjoiMCJ9"
        }
      ]
    }
  ],
  "check_results": null
}
